github.com/davecgh/go-spew v1.1.0 h1:ZDRjVQ15GmhC3fiQ8ni8+OwkZQO4DARzQgrnXU1Liz8=
github.com/davecgh/go-spew v1.1.0/go.mod h1:J7Y8YcW2NihsgmVo/mv3lAwl/skON4iLHjSsI+c5H38=
github.com/pmezard/go-difflib v1.0.0 h1:4DBwDE0NGyQoBHbLQYPwSUPoCMWR5BEzIk/f1lZbAQM=
github.com/pmezard/go-difflib v1.0.0/go.mod h1:iKH77koFhYxTK1pcRnkKkqfTogsbg7gZNVY4sRDYZ/4=
github.com/shurcooL/httpfs v0.0.0-20181222201310-74dc9339e414 h1:IYVb70m/qpJGjyZV2S4qbdSDnsMl+w9nsQ2iQedf1HI=
github.com/shurcooL/httpfs v0.0.0-20181222201310-74dc9339e414/go.mod h1:ZY1cvUeJuFPAdZ/B6v7RHavJWZn2YPVFQ1OSXhCGOkg=
github.com/shurcooL/vfsgen v0.0.0-20181202132449-6a9ea43bcacd h1:ug7PpSOB5RBPK1Kg6qskGBoP3Vnj/aNYFTznWvlkGo0=
github.com/shurcooL/vfsgen v0.0.0-20181202132449-6a9ea43bcacd/go.mod h1:TrYk7fJVaAttu97ZZKrO9UbRa8izdowaMIZcxYMbVaw=
github.com/stretchr/objx v0.1.0/go.mod h1:HFkY916IF+rwdDfMAkV7OtwuqBVzrE8GR6GFx+wExME=
github.com/stretchr/testify v1.3.0 h1:TivCn/peBQ7UY8ooIcPgZFpTNSz0Q2U6UrFlUfqbe0Q=
github.com/stretchr/testify v1.3.0/go.mod h1:M5WIy9Dh21IEIfnGCwXGc5bZfKNJtfHm1UVUgZn+9EI=
github.com/ua-parser/uap-go v0.0.0-20181218011509-d1c80256e78d h1:cwkfVml5barmXX4FTW7tSa/kZJMkLofSQwk90eMeYnM=
github.com/ua-parser/uap-go v0.0.0-20181218011509-d1c80256e78d/go.mod h1:OBcG9bn7sHtXgarhUEb3OfCnNsgtGnkVf41ilSZ3K3E=
go.starlark.net v0.0.0-20190106165729-93b8d146431e h1:iAWNmlXeb8B9A+QSPlujsxdd5paZFxRA2RSGQE8qvJ4=
go.starlark.net v0.0.0-20190106165729-93b8d146431e/go.mod h1:c1/X6cHgvdXj6pUlmWKMkuqRnW4K8x2vwt6JAaaircg=
golang.org/x/tools v0.0.0-20190108222858-421f03a57a64 h1:9Y3iftuqayHi0EqSzJ3MrPoNIHHcIvicTPdfepyP5tE=
golang.org/x/tools v0.0.0-20190108222858-421f03a57a64/go.mod h1:n7NCudcB/nEzxVGmLbDWY5pfWTLqBcC2KZ6jyYvM4mQ=
gopkg.in/check.v1 v0.0.0-20161208181325-20d25e280405 h1:yhCVgyC4o1eVCa2tZl7eS0r+SDo693bJlVdllGtEeKM=
gopkg.in/check.v1 v0.0.0-20161208181325-20d25e280405/go.mod h1:Co6ibVJAznAaIkqp8huTwlJQCZ016jof/cbN4VW5Yz0=
gopkg.in/yaml.v2 v2.2.1 h1:mUhvW9EsL+naU5Q3cakzfE91YhliOondGd6ZrsDBHQE=
gopkg.in/yaml.v2 v2.2.1/go.mod h1:hI93XBmqTisBFMUTm0b8Fm+jr3Dg1NNxqwp+5A1VGuI=
